
Microsoft Visual Studio Solution File, Format Version 12.00
# Visual Studio Version 17
VisualStudioVersion = 17.7.34221.43
MinimumVisualStudioVersion = 10.0.40219.1
Project("{8BC9CEB8-8B4A-11D0-8D11-00A0C91BC942}") = "DZOOP123", "DZOOP123.vcxproj", "{F7773D6C-587C-4A54-84AF-9E0E310A5052}"
EndProject
Global
	GlobalSection(SolutionConfigurationPlatforms) = preSolution
		Debug|x64 = Debug|x64
		Debug|x86 = Debug|x86
		Release|x64 = Release|x64
		Release|x86 = Release|x86
	EndGlobalSection
	GlobalSection(ProjectConfigurationPlatforms) = postSolution
		{F7773D6C-587C-4A54-84AF-9E0E310A5052}.Debug|x64.ActiveCfg = Debug|x64
		{F7773D6C-587C-4A54-84AF-9E0E310A5052}.Debug|x64.Build.0 = Debug|x64
		{F7773D6C-587C-4A54-84AF-9E0E310A5052}.Debug|x86.ActiveCfg = Debug|Win32
		{F7773D6C-587C-4A54-84AF-9E0E310A5052}.Debug|x86.Build.0 = Debug|Win32
		{F7773D6C-587C-4A54-84AF-9E0E310A5052}.Release|x64.ActiveCfg = Release|x64
		{F7773D6C-587C-4A54-84AF-9E0E310A5052}.Release|x64.Build.0 = Release|x64
		{F7773D6C-587C-4A54-84AF-9E0E310A5052}.Release|x86.ActiveCfg = Release|Win32
		{F7773D6C-587C-4A54-84AF-9E0E310A5052}.Release|x86.Build.0 = Release|Win32
	EndGlobalSection
	GlobalSection(SolutionProperties) = preSolution
		HideSolutionNode = FALSE
	EndGlobalSection
	GlobalSection(ExtensibilityGlobals) = postSolution
		SolutionGuid = {53861E4D-4BB9-4E3E-B188-BA0CCC5AE20F}
	EndGlobalSection
EndGlobal
